
Microsoft Visual Studio Solution File, Format Version 12.00
Project("{FAE04EC0-301F-11D3-BF4B-00C04F79EFBC}") = "pr4", "pr4\pr4.csproj", "{2B4507B3-10A3-4426-B620-101EA71A2C9F}"
EndProject
Global
	GlobalSection(SolutionConfigurationPlatforms) = preSolution
		Debug|Any CPU = Debug|Any CPU
		Release|Any CPU = Release|Any CPU
	EndGlobalSection
	GlobalSection(ProjectConfigurationPlatforms) = postSolution
		{2B4507B3-10A3-4426-B620-101EA71A2C9F}.Debug|Any CPU.ActiveCfg = Debug|Any CPU
		{2B4507B3-10A3-4426-B620-101EA71A2C9F}.Debug|Any CPU.Build.0 = Debug|Any CPU
		{2B4507B3-10A3-4426-B620-101EA71A2C9F}.Release|Any CPU.ActiveCfg = Release|Any CPU
		{2B4507B3-10A3-4426-B620-101EA71A2C9F}.Release|Any CPU.Build.0 = Release|Any CPU
	EndGlobalSection
EndGlobal
